# THIS IS AN AUTOGENERATED FILE. DO NOT EDIT THIS FILE DIRECTLY.
# yarn lockfile v1


"@types/cheerio@^0.22.21":
  version "0.22.21"
  resolved "https://registry.yarnpkg.com/@types/cheerio/-/cheerio-0.22.21.tgz#5e37887de309ba11b2e19a6e14cad7874b31a8a3"
  integrity sha512-aGI3DfswwqgKPiEOTaiHV2ZPC9KEhprpgEbJnv0fZl3SGX0cGgEva1126dGrMC6AJM6v/aihlUgJn9M5DbDZ/Q==
  dependencies:
    "@types/node" "*"

"@types/node@*":
  version "14.6.1"
  resolved "https://registry.yarnpkg.com/@types/node/-/node-14.6.1.tgz#fdf6f6c6c73d3d8eee9c98a9a0485bc524b048d7"
  integrity sha512-HnYlg/BRF8uC1FyKRFZwRaCPTPYKa+6I8QiUZFLredaGOou481cgFS4wKRFyKvQtX8xudqkSdBczJHIYSQYKrQ==

"@types/underscore@^1.10.22":
  version "1.10.22"
  resolved "https://registry.yarnpkg.com/@types/underscore/-/underscore-1.10.22.tgz#8e0a134a2df0afe8da24bcf006e7f94925a3e15f"
  integrity sha512-fiJulOOmc747q+mZwBtLyBu6yBX2uI4biuQ1Y3JvcU7YjmdOEOracUXTiET/PAWI2hhoUH1t4HbwJj42YEnbkg==
